// !$*UTF8*$!
{
	archiveVersion = 1;
	classes = {
	};
	objectVersion = 46;
	objects = {

/* Begin PBXBuildFile section */
		A5406D251F0E906E003F74F3 /* AppDelegate.swift in Sources */ = {isa = PBXBuildFile; fileRef = A5406D241F0E906E003F74F3 /* AppDelegate.swift */; };
		A5406D271F0E906E003F74F3 /* ViewController.swift in Sources */ = {isa = PBXBuildFile; fileRef = A5406D261F0E906E003F74F3 /* ViewController.swift */; };
		A5406D2A1F0E906E003F74F3 /* Main.storyboard in Resources */ = {isa = PBXBuildFile; fileRef = A5406D281F0E906E003F74F3 /* Main.storyboard */; };
		A5406D2C1F0E906E003F74F3 /* Assets.xcassets in Resources */ = {isa = PBXBuildFile; fileRef = A5406D2B1F0E906E003F74F3 /* Assets.xcassets */; };
		A5406D2F1F0E906E003F74F3 /* LaunchScreen.storyboard in Resources */ = {isa = PBXBuildFile; fileRef = A5406D2D1F0E906E003F74F3 /* LaunchScreen.storyboard */; };
/* End PBXBuildFile section */

/* Begin PBXFileReference section */
		A5406D211F0E906E003F74F3 /* RestDataDemoCode.app */ = {isa = PBXFileReference; explicitFileType = wrapper.application; includeInIndex = 0; path = RestDataDemoCode.app; sourceTree = BUILT_PRODUCTS_DIR; };
		A5406D241F0E906E003F74F3 /* AppDelegate.swift */ = {isa = PBXFileReference; lastKnownFileType = sourcecode.swift; path = AppDelegate.swift; sourceTree = "<group>"; };
		A5406D261F0E906E003F74F3 /* ViewController.swift */ = {isa = PBXFileReference; lastKnownFileType = sourcecode.swift; path = ViewController.swift; sourceTree = "<group>"; };
		A5406D291F0E906E003F74F3 /* Base */ = {isa = PBXFileReference; lastKnownFileType = file.storyboard; name = Base; path = Base.lproj/Main.storyboard; sourceTree = "<group>"; };
		A5406D2B1F0E906E003F74F3 /* Assets.xcassets */ = {isa = PBXFileReference; lastKnownFileType = folder.assetcatalog; path = Assets.xcassets; sourceTree = "<group>"; };
		A5406D2E1F0E906E003F74F3 /* Base */ = {isa = PBXFileReference; lastKnownFileType = file.storyboard; name = Base; path = Base.lproj/LaunchScreen.storyboard; sourceTree = "<group>"; };
		A5406D301F0E906E003F74F3 /* Info.plist */ = {isa = PBXFileReference; lastKnownFileType = text.plist.xml; path = Info.plist; sourceTree = "<group>"; };
/* End PBXFileReference section */

/* Begin PBXFrameworksBuildPhase section */
		A5406D1E1F0E906E003F74F3 /* Frameworks */ = {
			isa = PBXFrameworksBuildPhase;
			buildActionMask = 2147483647;
			files = (
			);
			runOnlyForDeploymentPostprocessing = 0;
		};
/* End PBXFrameworksBuildPhase section */

/* Begin PBXGroup section */
		A5406D181F0E906E003F74F3 = {
			isa = PBXGroup;
			children = (
				A5406D231F0E906E003F74F3 /* RestDataDemoCode */,
				A5406D221F0E906E003F74F3 /* Products */,
			);
			sourceTree = "<group>";
		};
		A5406D221F0E906E003F74F3 /* Products */ = {
			isa = PBXGroup;
			children = (
				A5406D211F0E906E003F74F3 /* RestDataDemoCode.app */,
			);
			name = Products;
			sourceTree = "<group>";
		};
		A5406D231F0E906E003F74F3 /* RestDataDemoCode */ = {
			isa = PBXGroup;
			children = (
				A5406D241F0E906E003F74F3 /* AppDelegate.swift */,
				A5406D261F0E906E003F74F3 /* ViewController.swift */,
				A5406D281F0E906E003F74F3 /* Main.storyboard */,
				A5406D2B1F0E906E003F74F3 /* Assets.xcassets */,
				A5406D2D1F0E906E003F74F3 /* LaunchScreen.storyboard */,
				A5406D301F0E906E003F74F3 /* Info.plist */,
			);
			path = RestDataDemoCode;
			sourceTree = "<group>";
		};
/* End PBXGroup section */

/* Begin PBXNativeTarget section */
		A5406D201F0E906E003F74F3 /* RestDataDemoCode */ = {
			isa = PBXNativeTarget;
			buildConfigurationList = A5406D331F0E906E003F74F3 /* Build configuration list for PBXNativeTarget "RestDataDemoCode" */;
			buildPhases = (
				A5406D1D1F0E906E003F74F3 /* Sources */,
				A5406D1E1F0E906E003F74F3 /* Frameworks */,
				A5406D1F1F0E906E003F74F3 /* Resources */,
			);
			buildRules = (
			);
			dependencies = (
			);
			name = RestDataDemoCode;
			productName = RestDataDemoCode;
			productReference = A5406D211F0E906E003F74F3 /* RestDataDemoCode.app */;
			productType = "com.apple.product-type.application";
		};
/* End PBXNativeTarget section */

/* Begin PBXProject section */
		A5406D191F0E906E003F74F3 /* Project object */ = {
			isa = PBXProject;
			attributes = {
				LastSwiftUpdateCheck = 0820;
				LastUpgradeCheck = 0820;
				ORGANIZATIONNAME = RJTCOMPUQUEST;
				TargetAttributes = {
					A5406D201F0E906E003F74F3 = {
						CreatedOnToolsVersion = 8.2.1;
						DevelopmentTeam = RQAE768Z9N;
						ProvisioningStyle = Automatic;
					};
				};
			};
			buildConfigurationList = A5406D1C1F0E906E003F74F3 /* Build configuration list for PBXProject "RestDataDemoCode" */;
			compatibilityVersion = "Xcode 3.2";
			developmentRegion = English;
			hasScannedForEncodings = 0;
			knownRegions = (
				en,
				Base,
			);
			mainGroup = A5406D181F0E906E003F74F3;
			productRefGroup = A5406D221F0E906E003F74F3 /* Products */;
			projectDirPath = "";
			projectRoot = "";
			targets = (
				A5406D201F0E906E003F74F3 /* RestDataDemoCode */,
			);
		};
/* End PBXProject section */

/* Begin PBXResourcesBuildPhase section */
		A5406D1F1F0E906E003F74F3 /* Resources */ = {
			isa = PBXResourcesBuildPhase;
			buildActionMask = 2147483647;
			files = (
				A5406D2F1F0E906E003F74F3 /* LaunchScreen.storyboard in Resources */,
				A5406D2C1F0E906E003F74F3 /* Assets.xcassets in Resources */,
				A5406D2A1F0E906E003F74F3 /* Main.storyboard in Resources */,
			);
			runOnlyForDeploymentPostprocessing = 0;
		};
/* End PBXResourcesBuildPhase section */

/* Begin PBXSourcesBuildPhase section */
		A5406D1D1F0E906E003F74F3 /* Sources */ = {
			isa = PBXSourcesBuildPhase;
			buildActionMask = 2147483647;
			files = (
				A5406D271F0E906E003F74F3 /* ViewController.swift in Sources */,
				A5406D251F0E906E003F74F3 /* AppDelegate.swift in Sources */,
			);
			runOnlyForDeploymentPostprocessing = 0;
		};
/* End PBXSourcesBuildPhase section */

/* Begin PBXVariantGroup section */
		A5406D281F0E906E003F74F3 /* Main.storyboard */ = {
			isa = PBXVariantGroup;
			children = (
				A5406D291F0E906E003F74F3 /* Base */,
			);
			name = Main.storyboard;
			sourceTree = "<group>";
		};
		A5406D2D1F0E906E003F74F3 /* LaunchScreen.storyboard */ = {
			isa = PBXVariantGroup;
			children = (
				A5406D2E1F0E906E003F74F3 /* Base */,
			);
			name = LaunchScreen.storyboard;
			sourceTree = "<group>";
		};
/* End PBXVariantGroup section */

/* Begin XCBuildConfiguration section */
		A5406D311F0E906E003F74F3 /* Debug */ = {
			isa = XCBuildConfiguration;
			buildSettings = {
				ALWAYS_SEARCH_USER_PATHS = NO;
				CLANG_ANALYZER_NONNULL = YES;
				CLANG_CXX_LANGUAGE_STANDARD = "gnu++0x";
				CLANG_CXX_LIBRARY = "libc++";
				CLANG_ENABLE_MODULES = YES;
				CLANG_ENABLE_OBJC_ARC = YES;
				CLANG_WARN_BOOL_CONVERSION = YES;
				CLANG_WARN_CONSTANT_CONVERSION = YES;
				CLANG_WARN_DIRECT_OBJC_ISA_USAGE = YES_ERROR;
				CLANG_WARN_DOCUMENTATION_COMMENTS = YES;
				CLANG_WARN_EMPTY_BODY = YES;
				CLANG_WARN_ENUM_CONVERSION = YES;
				CLANG_WARN_INFINITE_RECURSION = YES;
				CLANG_WARN_INT_CONVERSION = YES;
				CLANG_WARN_OBJC_ROOT_CLASS = YES_ERROR;
				CLANG_WARN_SUSPICIOUS_MOVE = YES;
				CLANG_WARN_UNREACHABLE_CODE = YES;
				CLANG_WARN__DUPLICATE_METHOD_MATCH = YES;
				"CODE_SIGN_IDENTITY[sdk=iphoneos*]" = "iPhone Developer";
				COPY_PHASE_STRIP = NO;
				DEBUG_INFORMATION_FORMAT = dwarf;
				ENABLE_STRICT_OBJC_MSGSEND = YES;
				ENABLE_TESTABILITY = YES;
				GCC_C_LANGUAGE_STANDARD = gnu99;
				GCC_DYNAMIC_NO_PIC = NO;
				GCC_NO_COMMON_BLOCKS = YES;
				GCC_OPTIMIZATION_LEVEL = 0;
				GCC_PREPROCESSOR_DEFINITIONS = (
					"DEBUG=1",
					"$(inherited)",
				);
				GCC_WARN_64_TO_32_BIT_CONVERSION = YES;
				GCC_WARN_ABOUT_RETURN_TYPE = YES_ERROR;
				GCC_WARN_UNDECLARED_SELECTOR = YES;
				GCC_WARN_UNINITIALIZED_AUTOS = YES_AGGRESSIVE;
				GCC_WARN_UNUSED_FUNCTION = YES;
				GCC_WARN_UNUSED_VARIABLE = YES;
				IPHONEOS_DEPLOYMENT_TARGET = 10.2;
				MTL_ENABLE_DEBUG_INFO = YES;
				ONLY_ACTIVE_ARCH = YES;
				SDKROOT = iphoneos;
				SWIFT_ACTIVE_COMPILATION_CONDITIONS = DEBUG;
				SWIFT_OPTIMIZATION_LEVEL = "-Onone";
			};
			name = Debug;
		};
		A5406D321F0E906E003F74F3 /* Release */ = {
			isa = XCBuildConfiguration;
			buildSettings = {
				ALWAYS_SEARCH_USER_PATHS = NO;
				CLANG_ANALYZER_NONNULL = YES;
				CLANG_CXX_LANGUAGE_STANDARD = "gnu++0x";
				CLANG_CXX_LIBRARY = "libc++";
				CLANG_ENABLE_MODULES = YES;
				CLANG_ENABLE_OBJC_ARC = YES;
				CLANG_WARN_BOOL_CONVERSION = YES;
				CLANG_WARN_CONSTANT_CONVERSION = YES;
				CLANG_WARN_DIRECT_OBJC_ISA_USAGE = YES_ERROR;
				CLANG_WARN_DOCUMENTATION_COMMENTS = YES;
				CLANG_WARN_EMPTY_BODY = YES;
				CLANG_WARN_ENUM_CONVERSION = YES;
				CLANG_WARN_INFINITE_RECURSION = YES;
				CLANG_WARN_INT_CONVERSION = YES;
				CLANG_WARN_OBJC_ROOT_CLASS = YES_ERROR;
				CLANG_WARN_SUSPICIOUS_MOVE = YES;
				CLANG_WARN_UNREACHABLE_CODE = YES;
				CLANG_WARN__DUPLICATE_METHOD_MATCH = YES;
				"CODE_SIGN_IDENTITY[sdk=iphoneos*]" = "iPhone Developer";
				COPY_PHASE_STRIP = NO;
				DEBUG_INFORMATION_FORMAT = "dwarf-with-dsym";
				ENABLE_NS_ASSERTIONS = NO;
				ENABLE_STRICT_OBJC_MSGSEND = YES;
				GCC_C_LANGUAGE_STANDARD = gnu99;
				GCC_NO_COMMON_BLOCKS = YES;
				GCC_WARN_64_TO_32_BIT_CONVERSION = YES;
				GCC_WARN_ABOUT_RETURN_TYPE = YES_ERROR;
				GCC_WARN_UNDECLARED_SELECTOR = YES;
				GCC_WARN_UNINITIALIZED_AUTOS = YES_AGGRESSIVE;
				GCC_WARN_UNUSED_FUNCTION = YES;
				GCC_WARN_UNUSED_VARIABLE = YES;
				IPHONEOS_DEPLOYMENT_TARGET = 10.2;
				MTL_ENABLE_DEBUG_INFO = NO;
				SDKROOT = iphoneos;
				SWIFT_OPTIMIZATION_LEVEL = "-Owholemodule";
				VALIDATE_PRODUCT = YES;
			};
			name = Release;
		};
		A5406D341F0E906E003F74F3 /* Debug */ = {
			isa = XCBuildConfiguration;
			buildSettings = {
				ASSETCATALOG_COMPILER_APPICON_NAME = AppIcon;
				DEVELOPMENT_TEAM = RQAE768Z9N;
				INFOPLIST_FILE = RestDataDemoCode/Info.plist;
				LD_RUNPATH_SEARCH_PATHS = "$(inherited) @executable_path/Frameworks";
				PRODUCT_BUNDLE_IDENTIFIER = com.RJTCOMPUQUEST.RestDataDemoCode;
				PRODUCT_NAME = "$(TARGET_NAME)";
				SWIFT_VERSION = 3.0;
			};
			name = Debug;
		};
		A5406D351F0E906E003F74F3 /* Release */ = {
			isa = XCBuildConfiguration;
			buildSettings = {
				ASSETCATALOG_COMPILER_APPICON_NAME = AppIcon;
				DEVELOPMENT_TEAM = RQAE768Z9N;
				INFOPLIST_FILE = RestDataDemoCode/Info.plist;
				LD_RUNPATH_SEARCH_PATHS = "$(inherited) @executable_path/Frameworks";
				PRODUCT_BUNDLE_IDENTIFIER = com.RJTCOMPUQUEST.RestDataDemoCode;
				PRODUCT_NAME = "$(TARGET_NAME)";
				SWIFT_VERSION = 3.0;
			};
			name = Release;
		};
/* End XCBuildConfiguration section */

/* Begin XCConfigurationList section */
		A5406D1C1F0E906E003F74F3 /* Build configuration list for PBXProject "RestDataDemoCode" */ = {
			isa = XCConfigurationList;
			buildConfigurations = (
				A5406D311F0E906E003F74F3 /* Debug */,
				A5406D321F0E906E003F74F3 /* Release */,
			);
			defaultConfigurationIsVisible = 0;
			defaultConfigurationName = Release;
		};
		A5406D331F0E906E003F74F3 /* Build configuration list for PBXNativeTarget "RestDataDemoCode" */ = {
			isa = XCConfigurationList;
			buildConfigurations = (
				A5406D341F0E906E003F74F3 /* Debug */,
				A5406D351F0E906E003F74F3 /* Release */,
			);
			defaultConfigurationIsVisible = 0;
		};
/* End XCConfigurationList section */
	};
	rootObject = A5406D191F0E906E003F74F3 /* Project object */;
}
